
Microsoft Visual Studio Solution File, Format Version 12.00
# Visual Studio 15
VisualStudioVersion = 15.0.27130.2027
MinimumVisualStudioVersion = 10.0.40219.1
Project("{FAE04EC0-301F-11D3-BF4B-00C04F79EFBC}") = "ToursHUB.Android", "ToursHUB\ToursHUB.Android\ToursHUB.Android.csproj", "{AFCC3DD5-5F8B-44DD-B8C2-53E369413C79}"
EndProject
Project("{FAE04EC0-301F-11D3-BF4B-00C04F79EFBC}") = "ToursHUB.iOS", "ToursHUB\ToursHUB.iOS\ToursHUB.iOS.csproj", "{0B703681-1858-4989-9462-5B08A39F2D9C}"
EndProject
Project("{FAE04EC0-301F-11D3-BF4B-00C04F79EFBC}") = "ToursHUB", "ToursHUB\ToursHUB\ToursHUB.csproj", "{37417787-9AA9-44F5-B97A-4217C1AA096F}"
EndProject
Project("{9344BDBB-3E7F-41FC-A0DD-8665D75EE146}") = "ToursHUB.UWP", "ToursHUB\ToursHUB.UWP\ToursHUB.UWP.csproj", "{B950679E-421C-4145-B8D2-B142BAFF1565}"
EndProject
Global
	GlobalSection(SolutionConfigurationPlatforms) = preSolution
		Ad-Hoc|Any CPU = Ad-Hoc|Any CPU
		Ad-Hoc|ARM = Ad-Hoc|ARM
		Ad-Hoc|iPhone = Ad-Hoc|iPhone
		Ad-Hoc|iPhoneSimulator = Ad-Hoc|iPhoneSimulator
		Ad-Hoc|x64 = Ad-Hoc|x64
		Ad-Hoc|x86 = Ad-Hoc|x86
		AppStore|Any CPU = AppStore|Any CPU
		AppStore|ARM = AppStore|ARM
		AppStore|iPhone = AppStore|iPhone
		AppStore|iPhoneSimulator = AppStore|iPhoneSimulator
		AppStore|x64 = AppStore|x64
		AppStore|x86 = AppStore|x86
		Debug|Any CPU = Debug|Any CPU
		Debug|ARM = Debug|ARM
		Debug|iPhone = Debug|iPhone
		Debug|iPhoneSimulator = Debug|iPhoneSimulator
		Debug|x64 = Debug|x64
		Debug|x86 = Debug|x86
		Release|Any CPU = Release|Any CPU
		Release|ARM = Release|ARM
		Release|iPhone = Release|iPhone
		Release|iPhoneSimulator = Release|iPhoneSimulator
		Release|x64 = Release|x64
		Release|x86 = Release|x86
	EndGlobalSection
	GlobalSection(ProjectConfigurationPlatforms) = postSolution
		{AFCC3DD5-5F8B-44DD-B8C2-53E369413C79}.Ad-Hoc|Any CPU.ActiveCfg = Release|Any CPU
		{AFCC3DD5-5F8B-44DD-B8C2-53E369413C79}.Ad-Hoc|Any CPU.Build.0 = Release|Any CPU
		{AFCC3DD5-5F8B-44DD-B8C2-53E369413C79}.Ad-Hoc|Any CPU.Deploy.0 = Release|Any CPU
		{AFCC3DD5-5F8B-44DD-B8C2-53E369413C79}.Ad-Hoc|ARM.ActiveCfg = Release|Any CPU
		{AFCC3DD5-5F8B-44DD-B8C2-53E369413C79}.Ad-Hoc|ARM.Build.0 = Release|Any CPU
		{AFCC3DD5-5F8B-44DD-B8C2-53E369413C79}.Ad-Hoc|ARM.Deploy.0 = Release|Any CPU
		{AFCC3DD5-5F8B-44DD-B8C2-53E369413C79}.Ad-Hoc|iPhone.ActiveCfg = Release|Any CPU
		{AFCC3DD5-5F8B-44DD-B8C2-53E369413C79}.Ad-Hoc|iPhone.Build.0 = Release|Any CPU
		{AFCC3DD5-5F8B-44DD-B8C2-53E369413C79}.Ad-Hoc|iPhone.Deploy.0 = Release|Any CPU
		{AFCC3DD5-5F8B-44DD-B8C2-53E369413C79}.Ad-Hoc|iPhoneSimulator.ActiveCfg = Release|Any CPU
		{AFCC3DD5-5F8B-44DD-B8C2-53E369413C79}.Ad-Hoc|iPhoneSimulator.Build.0 = Release|Any CPU
		{AFCC3DD5-5F8B-44DD-B8C2-53E369413C79}.Ad-Hoc|iPhoneSimulator.Deploy.0 = Release|Any CPU
		{AFCC3DD5-5F8B-44DD-B8C2-53E369413C79}.Ad-Hoc|x64.ActiveCfg = Release|Any CPU
		{AFCC3DD5-5F8B-44DD-B8C2-53E369413C79}.Ad-Hoc|x64.Build.0 = Release|Any CPU
		{AFCC3DD5-5F8B-44DD-B8C2-53E369413C79}.Ad-Hoc|x64.Deploy.0 = Release|Any CPU
		{AFCC3DD5-5F8B-44DD-B8C2-53E369413C79}.Ad-Hoc|x86.ActiveCfg = Release|Any CPU
		{AFCC3DD5-5F8B-44DD-B8C2-53E369413C79}.Ad-Hoc|x86.Build.0 = Release|Any CPU
		{AFCC3DD5-5F8B-44DD-B8C2-53E369413C79}.Ad-Hoc|x86.Deploy.0 = Release|Any CPU
		{AFCC3DD5-5F8B-44DD-B8C2-53E369413C79}.AppStore|Any CPU.ActiveCfg = Release|Any CPU
		{AFCC3DD5-5F8B-44DD-B8C2-53E369413C79}.AppStore|Any CPU.Build.0 = Release|Any CPU
		{AFCC3DD5-5F8B-44DD-B8C2-53E369413C79}.AppStore|Any CPU.Deploy.0 = Release|Any CPU
		{AFCC3DD5-5F8B-44DD-B8C2-53E369413C79}.AppStore|ARM.ActiveCfg = Release|Any CPU
		{AFCC3DD5-5F8B-44DD-B8C2-53E369413C79}.AppStore|ARM.Build.0 = Release|Any CPU
		{AFCC3DD5-5F8B-44DD-B8C2-53E369413C79}.AppStore|ARM.Deploy.0 = Release|Any CPU
		{AFCC3DD5-5F8B-44DD-B8C2-53E369413C79}.AppStore|iPhone.ActiveCfg = Release|Any CPU
		{AFCC3DD5-5F8B-44DD-B8C2-53E369413C79}.AppStore|iPhone.Build.0 = Release|Any CPU
		{AFCC3DD5-5F8B-44DD-B8C2-53E369413C79}.AppStore|iPhone.Deploy.0 = Release|Any CPU
		{AFCC3DD5-5F8B-44DD-B8C2-53E369413C79}.AppStore|iPhoneSimulator.ActiveCfg = Release|Any CPU
		{AFCC3DD5-5F8B-44DD-B8C2-53E369413C79}.AppStore|iPhoneSimulator.Build.0 = Release|Any CPU
		{AFCC3DD5-5F8B-44DD-B8C2-53E369413C79}.AppStore|iPhoneSimulator.Deploy.0 = Release|Any CPU
		{AFCC3DD5-5F8B-44DD-B8C2-53E369413C79}.AppStore|x64.ActiveCfg = Release|Any CPU
		{AFCC3DD5-5F8B-44DD-B8C2-53E369413C79}.AppStore|x64.Build.0 = Release|Any CPU
		{AFCC3DD5-5F8B-44DD-B8C2-53E369413C79}.AppStore|x64.Deploy.0 = Release|Any CPU
		{AFCC3DD5-5F8B-44DD-B8C2-53E369413C79}.AppStore|x86.ActiveCfg = Release|Any CPU
		{AFCC3DD5-5F8B-44DD-B8C2-53E369413C79}.AppStore|x86.Build.0 = Release|Any CPU
		{AFCC3DD5-5F8B-44DD-B8C2-53E369413C79}.AppStore|x86.Deploy.0 = Release|Any CPU
		{AFCC3DD5-5F8B-44DD-B8C2-53E369413C79}.Debug|Any CPU.ActiveCfg = Debug|Any CPU
		{AFCC3DD5-5F8B-44DD-B8C2-53E369413C79}.Debug|Any CPU.Build.0 = Debug|Any CPU
		{AFCC3DD5-5F8B-44DD-B8C2-53E369413C79}.Debug|Any CPU.Deploy.0 = Debug|Any CPU
		{AFCC3DD5-5F8B-44DD-B8C2-53E369413C79}.Debug|ARM.ActiveCfg = Debug|Any CPU
		{AFCC3DD5-5F8B-44DD-B8C2-53E369413C79}.Debug|ARM.Build.0 = Debug|Any CPU
		{AFCC3DD5-5F8B-44DD-B8C2-53E369413C79}.Debug|ARM.Deploy.0 = Debug|Any CPU
		{AFCC3DD5-5F8B-44DD-B8C2-53E369413C79}.Debug|iPhone.ActiveCfg = Debug|Any CPU
		{AFCC3DD5-5F8B-44DD-B8C2-53E369413C79}.Debug|iPhone.Build.0 = Debug|Any CPU
		{AFCC3DD5-5F8B-44DD-B8C2-53E369413C79}.Debug|iPhone.Deploy.0 = Debug|Any CPU
		{AFCC3DD5-5F8B-44DD-B8C2-53E369413C79}.Debug|iPhoneSimulator.ActiveCfg = Debug|Any CPU
		{AFCC3DD5-5F8B-44DD-B8C2-53E369413C79}.Debug|iPhoneSimulator.Build.0 = Debug|Any CPU
		{AFCC3DD5-5F8B-44DD-B8C2-53E369413C79}.Debug|iPhoneSimulator.Deploy.0 = Debug|Any CPU
		{AFCC3DD5-5F8B-44DD-B8C2-53E369413C79}.Debug|x64.ActiveCfg = Debug|Any CPU
		{AFCC3DD5-5F8B-44DD-B8C2-53E369413C79}.Debug|x64.Build.0 = Debug|Any CPU
		{AFCC3DD5-5F8B-44DD-B8C2-53E369413C79}.Debug|x64.Deploy.0 = Debug|Any CPU
		{AFCC3DD5-5F8B-44DD-B8C2-53E369413C79}.Debug|x86.ActiveCfg = Debug|Any CPU
		{AFCC3DD5-5F8B-44DD-B8C2-53E369413C79}.Debug|x86.Build.0 = Debug|Any CPU
		{AFCC3DD5-5F8B-44DD-B8C2-53E369413C79}.Debug|x86.Deploy.0 = Debug|Any CPU
		{AFCC3DD5-5F8B-44DD-B8C2-53E369413C79}.Release|Any CPU.ActiveCfg = Release|Any CPU
		{AFCC3DD5-5F8B-44DD-B8C2-53E369413C79}.Release|Any CPU.Build.0 = Release|Any CPU
		{AFCC3DD5-5F8B-44DD-B8C2-53E369413C79}.Release|Any CPU.Deploy.0 = Release|Any CPU
		{AFCC3DD5-5F8B-44DD-B8C2-53E369413C79}.Release|ARM.ActiveCfg = Release|Any CPU
		{AFCC3DD5-5F8B-44DD-B8C2-53E369413C79}.Release|ARM.Build.0 = Release|Any CPU
		{AFCC3DD5-5F8B-44DD-B8C2-53E369413C79}.Release|ARM.Deploy.0 = Release|Any CPU
		{AFCC3DD5-5F8B-44DD-B8C2-53E369413C79}.Release|iPhone.ActiveCfg = Release|Any CPU
		{AFCC3DD5-5F8B-44DD-B8C2-53E369413C79}.Release|iPhone.Build.0 = Release|Any CPU
		{AFCC3DD5-5F8B-44DD-B8C2-53E369413C79}.Release|iPhone.Deploy.0 = Release|Any CPU
		{AFCC3DD5-5F8B-44DD-B8C2-53E369413C79}.Release|iPhoneSimulator.ActiveCfg = Release|Any CPU
		{AFCC3DD5-5F8B-44DD-B8C2-53E369413C79}.Release|iPhoneSimulator.Build.0 = Release|Any CPU
		{AFCC3DD5-5F8B-44DD-B8C2-53E369413C79}.Release|iPhoneSimulator.Deploy.0 = Release|Any CPU
		{AFCC3DD5-5F8B-44DD-B8C2-53E369413C79}.Release|x64.ActiveCfg = Release|Any CPU
		{AFCC3DD5-5F8B-44DD-B8C2-53E369413C79}.Release|x64.Build.0 = Release|Any CPU
		{AFCC3DD5-5F8B-44DD-B8C2-53E369413C79}.Release|x64.Deploy.0 = Release|Any CPU
		{AFCC3DD5-5F8B-44DD-B8C2-53E369413C79}.Release|x86.ActiveCfg = Release|Any CPU
		{AFCC3DD5-5F8B-44DD-B8C2-53E369413C79}.Release|x86.Build.0 = Release|Any CPU
		{AFCC3DD5-5F8B-44DD-B8C2-53E369413C79}.Release|x86.Deploy.0 = Release|Any CPU
		{0B703681-1858-4989-9462-5B08A39F2D9C}.Ad-Hoc|Any CPU.ActiveCfg = Ad-Hoc|iPhone
		{0B703681-1858-4989-9462-5B08A39F2D9C}.Ad-Hoc|ARM.ActiveCfg = Ad-Hoc|iPhone
		{0B703681-1858-4989-9462-5B08A39F2D9C}.Ad-Hoc|iPhone.ActiveCfg = Ad-Hoc|iPhone
		{0B703681-1858-4989-9462-5B08A39F2D9C}.Ad-Hoc|iPhone.Build.0 = Ad-Hoc|iPhone
		{0B703681-1858-4989-9462-5B08A39F2D9C}.Ad-Hoc|iPhoneSimulator.ActiveCfg = Ad-Hoc|iPhoneSimulator
		{0B703681-1858-4989-9462-5B08A39F2D9C}.Ad-Hoc|iPhoneSimulator.Build.0 = Ad-Hoc|iPhoneSimulator
		{0B703681-1858-4989-9462-5B08A39F2D9C}.Ad-Hoc|x64.ActiveCfg = Ad-Hoc|iPhone
		{0B703681-1858-4989-9462-5B08A39F2D9C}.Ad-Hoc|x86.ActiveCfg = Ad-Hoc|iPhone
		{0B703681-1858-4989-9462-5B08A39F2D9C}.AppStore|Any CPU.ActiveCfg = AppStore|iPhone
		{0B703681-1858-4989-9462-5B08A39F2D9C}.AppStore|ARM.ActiveCfg = AppStore|iPhone
		{0B703681-1858-4989-9462-5B08A39F2D9C}.AppStore|iPhone.ActiveCfg = AppStore|iPhone
		{0B703681-1858-4989-9462-5B08A39F2D9C}.AppStore|iPhone.Build.0 = AppStore|iPhone
		{0B703681-1858-4989-9462-5B08A39F2D9C}.AppStore|iPhoneSimulator.ActiveCfg = AppStore|iPhoneSimulator
		{0B703681-1858-4989-9462-5B08A39F2D9C}.AppStore|iPhoneSimulator.Build.0 = AppStore|iPhoneSimulator
		{0B703681-1858-4989-9462-5B08A39F2D9C}.AppStore|x64.ActiveCfg = AppStore|iPhone
		{0B703681-1858-4989-9462-5B08A39F2D9C}.AppStore|x86.ActiveCfg = AppStore|iPhone
		{0B703681-1858-4989-9462-5B08A39F2D9C}.Debug|Any CPU.ActiveCfg = Debug|iPhoneSimulator
		{0B703681-1858-4989-9462-5B08A39F2D9C}.Debug|Any CPU.Build.0 = Debug|iPhoneSimulator
		{0B703681-1858-4989-9462-5B08A39F2D9C}.Debug|ARM.ActiveCfg = Debug|iPhone
		{0B703681-1858-4989-9462-5B08A39F2D9C}.Debug|iPhone.ActiveCfg = Debug|iPhone
		{0B703681-1858-4989-9462-5B08A39F2D9C}.Debug|iPhone.Build.0 = Debug|iPhone
		{0B703681-1858-4989-9462-5B08A39F2D9C}.Debug|iPhoneSimulator.ActiveCfg = Debug|iPhoneSimulator
		{0B703681-1858-4989-9462-5B08A39F2D9C}.Debug|iPhoneSimulator.Build.0 = Debug|iPhoneSimulator
		{0B703681-1858-4989-9462-5B08A39F2D9C}.Debug|x64.ActiveCfg = Debug|iPhone
		{0B703681-1858-4989-9462-5B08A39F2D9C}.Debug|x86.ActiveCfg = Debug|iPhone
		{0B703681-1858-4989-9462-5B08A39F2D9C}.Debug|x86.Build.0 = Debug|iPhone
		{0B703681-1858-4989-9462-5B08A39F2D9C}.Release|Any CPU.ActiveCfg = Release|iPhone
		{0B703681-1858-4989-9462-5B08A39F2D9C}.Release|ARM.ActiveCfg = Release|iPhone
		{0B703681-1858-4989-9462-5B08A39F2D9C}.Release|iPhone.ActiveCfg = Release|iPhone
		{0B703681-1858-4989-9462-5B08A39F2D9C}.Release|iPhone.Build.0 = Release|iPhone
		{0B703681-1858-4989-9462-5B08A39F2D9C}.Release|iPhoneSimulator.ActiveCfg = Release|iPhoneSimulator
		{0B703681-1858-4989-9462-5B08A39F2D9C}.Release|iPhoneSimulator.Build.0 = Release|iPhoneSimulator
		{0B703681-1858-4989-9462-5B08A39F2D9C}.Release|x64.ActiveCfg = Release|iPhone
		{0B703681-1858-4989-9462-5B08A39F2D9C}.Release|x86.ActiveCfg = Release|iPhone
		{37417787-9AA9-44F5-B97A-4217C1AA096F}.Ad-Hoc|Any CPU.ActiveCfg = Debug|Any CPU
		{37417787-9AA9-44F5-B97A-4217C1AA096F}.Ad-Hoc|Any CPU.Build.0 = Debug|Any CPU
		{37417787-9AA9-44F5-B97A-4217C1AA096F}.Ad-Hoc|ARM.ActiveCfg = Debug|Any CPU
		{37417787-9AA9-44F5-B97A-4217C1AA096F}.Ad-Hoc|ARM.Build.0 = Debug|Any CPU
		{37417787-9AA9-44F5-B97A-4217C1AA096F}.Ad-Hoc|iPhone.ActiveCfg = Debug|Any CPU
		{37417787-9AA9-44F5-B97A-4217C1AA096F}.Ad-Hoc|iPhone.Build.0 = Debug|Any CPU
		{37417787-9AA9-44F5-B97A-4217C1AA096F}.Ad-Hoc|iPhoneSimulator.ActiveCfg = Debug|Any CPU
		{37417787-9AA9-44F5-B97A-4217C1AA096F}.Ad-Hoc|iPhoneSimulator.Build.0 = Debug|Any CPU
		{37417787-9AA9-44F5-B97A-4217C1AA096F}.Ad-Hoc|x64.ActiveCfg = Debug|Any CPU
		{37417787-9AA9-44F5-B97A-4217C1AA096F}.Ad-Hoc|x64.Build.0 = Debug|Any CPU
		{37417787-9AA9-44F5-B97A-4217C1AA096F}.Ad-Hoc|x86.ActiveCfg = Debug|Any CPU
		{37417787-9AA9-44F5-B97A-4217C1AA096F}.Ad-Hoc|x86.Build.0 = Debug|Any CPU
		{37417787-9AA9-44F5-B97A-4217C1AA096F}.AppStore|Any CPU.ActiveCfg = Debug|Any CPU
		{37417787-9AA9-44F5-B97A-4217C1AA096F}.AppStore|Any CPU.Build.0 = Debug|Any CPU
		{37417787-9AA9-44F5-B97A-4217C1AA096F}.AppStore|ARM.ActiveCfg = Debug|Any CPU
		{37417787-9AA9-44F5-B97A-4217C1AA096F}.AppStore|ARM.Build.0 = Debug|Any CPU
		{37417787-9AA9-44F5-B97A-4217C1AA096F}.AppStore|iPhone.ActiveCfg = Debug|Any CPU
		{37417787-9AA9-44F5-B97A-4217C1AA096F}.AppStore|iPhone.Build.0 = Debug|Any CPU
		{37417787-9AA9-44F5-B97A-4217C1AA096F}.AppStore|iPhoneSimulator.ActiveCfg = Debug|Any CPU
		{37417787-9AA9-44F5-B97A-4217C1AA096F}.AppStore|iPhoneSimulator.Build.0 = Debug|Any CPU
		{37417787-9AA9-44F5-B97A-4217C1AA096F}.AppStore|x64.ActiveCfg = Debug|Any CPU
		{37417787-9AA9-44F5-B97A-4217C1AA096F}.AppStore|x64.Build.0 = Debug|Any CPU
		{37417787-9AA9-44F5-B97A-4217C1AA096F}.AppStore|x86.ActiveCfg = Debug|Any CPU
		{37417787-9AA9-44F5-B97A-4217C1AA096F}.AppStore|x86.Build.0 = Debug|Any CPU
		{37417787-9AA9-44F5-B97A-4217C1AA096F}.Debug|Any CPU.ActiveCfg = Debug|Any CPU
		{37417787-9AA9-44F5-B97A-4217C1AA096F}.Debug|Any CPU.Build.0 = Debug|Any CPU
		{37417787-9AA9-44F5-B97A-4217C1AA096F}.Debug|ARM.ActiveCfg = Debug|Any CPU
		{37417787-9AA9-44F5-B97A-4217C1AA096F}.Debug|ARM.Build.0 = Debug|Any CPU
		{37417787-9AA9-44F5-B97A-4217C1AA096F}.Debug|iPhone.ActiveCfg = Debug|Any CPU
		{37417787-9AA9-44F5-B97A-4217C1AA096F}.Debug|iPhone.Build.0 = Debug|Any CPU
		{37417787-9AA9-44F5-B97A-4217C1AA096F}.Debug|iPhoneSimulator.ActiveCfg = Debug|Any CPU
		{37417787-9AA9-44F5-B97A-4217C1AA096F}.Debug|iPhoneSimulator.Build.0 = Debug|Any CPU
		{37417787-9AA9-44F5-B97A-4217C1AA096F}.Debug|x64.ActiveCfg = Debug|Any CPU
		{37417787-9AA9-44F5-B97A-4217C1AA096F}.Debug|x64.Build.0 = Debug|Any CPU
		{37417787-9AA9-44F5-B97A-4217C1AA096F}.Debug|x86.ActiveCfg = Debug|Any CPU
		{37417787-9AA9-44F5-B97A-4217C1AA096F}.Debug|x86.Build.0 = Debug|Any CPU
		{37417787-9AA9-44F5-B97A-4217C1AA096F}.Release|Any CPU.ActiveCfg = Release|Any CPU
		{37417787-9AA9-44F5-B97A-4217C1AA096F}.Release|Any CPU.Build.0 = Release|Any CPU
		{37417787-9AA9-44F5-B97A-4217C1AA096F}.Release|ARM.ActiveCfg = Release|Any CPU
		{37417787-9AA9-44F5-B97A-4217C1AA096F}.Release|ARM.Build.0 = Release|Any CPU
		{37417787-9AA9-44F5-B97A-4217C1AA096F}.Release|iPhone.ActiveCfg = Release|Any CPU
		{37417787-9AA9-44F5-B97A-4217C1AA096F}.Release|iPhone.Build.0 = Release|Any CPU
		{37417787-9AA9-44F5-B97A-4217C1AA096F}.Release|iPhoneSimulator.ActiveCfg = Release|Any CPU
		{37417787-9AA9-44F5-B97A-4217C1AA096F}.Release|iPhoneSimulator.Build.0 = Release|Any CPU
		{37417787-9AA9-44F5-B97A-4217C1AA096F}.Release|x64.ActiveCfg = Release|Any CPU
		{37417787-9AA9-44F5-B97A-4217C1AA096F}.Release|x64.Build.0 = Release|Any CPU
		{37417787-9AA9-44F5-B97A-4217C1AA096F}.Release|x86.ActiveCfg = Release|Any CPU
		{37417787-9AA9-44F5-B97A-4217C1AA096F}.Release|x86.Build.0 = Release|Any CPU
		{B950679E-421C-4145-B8D2-B142BAFF1565}.Ad-Hoc|Any CPU.ActiveCfg = Release|x86
		{B950679E-421C-4145-B8D2-B142BAFF1565}.Ad-Hoc|Any CPU.Build.0 = Release|x86
		{B950679E-421C-4145-B8D2-B142BAFF1565}.Ad-Hoc|Any CPU.Deploy.0 = Release|x86
		{B950679E-421C-4145-B8D2-B142BAFF1565}.Ad-Hoc|ARM.ActiveCfg = Release|ARM
		{B950679E-421C-4145-B8D2-B142BAFF1565}.Ad-Hoc|ARM.Build.0 = Release|ARM
		{B950679E-421C-4145-B8D2-B142BAFF1565}.Ad-Hoc|ARM.Deploy.0 = Release|ARM
		{B950679E-421C-4145-B8D2-B142BAFF1565}.Ad-Hoc|iPhone.ActiveCfg = Release|x86
		{B950679E-421C-4145-B8D2-B142BAFF1565}.Ad-Hoc|iPhone.Build.0 = Release|x86
		{B950679E-421C-4145-B8D2-B142BAFF1565}.Ad-Hoc|iPhone.Deploy.0 = Release|x86
		{B950679E-421C-4145-B8D2-B142BAFF1565}.Ad-Hoc|iPhoneSimulator.ActiveCfg = Release|x86
		{B950679E-421C-4145-B8D2-B142BAFF1565}.Ad-Hoc|iPhoneSimulator.Build.0 = Release|x86
		{B950679E-421C-4145-B8D2-B142BAFF1565}.Ad-Hoc|iPhoneSimulator.Deploy.0 = Release|x86
		{B950679E-421C-4145-B8D2-B142BAFF1565}.Ad-Hoc|x64.ActiveCfg = Release|x64
		{B950679E-421C-4145-B8D2-B142BAFF1565}.Ad-Hoc|x64.Build.0 = Release|x64
		{B950679E-421C-4145-B8D2-B142BAFF1565}.Ad-Hoc|x64.Deploy.0 = Release|x64
		{B950679E-421C-4145-B8D2-B142BAFF1565}.Ad-Hoc|x86.ActiveCfg = Release|x86
		{B950679E-421C-4145-B8D2-B142BAFF1565}.Ad-Hoc|x86.Build.0 = Release|x86
		{B950679E-421C-4145-B8D2-B142BAFF1565}.Ad-Hoc|x86.Deploy.0 = Release|x86
		{B950679E-421C-4145-B8D2-B142BAFF1565}.AppStore|Any CPU.ActiveCfg = Release|x86
		{B950679E-421C-4145-B8D2-B142BAFF1565}.AppStore|Any CPU.Build.0 = Release|x86
		{B950679E-421C-4145-B8D2-B142BAFF1565}.AppStore|Any CPU.Deploy.0 = Release|x86
		{B950679E-421C-4145-B8D2-B142BAFF1565}.AppStore|ARM.ActiveCfg = Release|ARM
		{B950679E-421C-4145-B8D2-B142BAFF1565}.AppStore|ARM.Build.0 = Release|ARM
		{B950679E-421C-4145-B8D2-B142BAFF1565}.AppStore|ARM.Deploy.0 = Release|ARM
		{B950679E-421C-4145-B8D2-B142BAFF1565}.AppStore|iPhone.ActiveCfg = Release|x86
		{B950679E-421C-4145-B8D2-B142BAFF1565}.AppStore|iPhone.Build.0 = Release|x86
		{B950679E-421C-4145-B8D2-B142BAFF1565}.AppStore|iPhone.Deploy.0 = Release|x86
		{B950679E-421C-4145-B8D2-B142BAFF1565}.AppStore|iPhoneSimulator.ActiveCfg = Release|x86
		{B950679E-421C-4145-B8D2-B142BAFF1565}.AppStore|iPhoneSimulator.Build.0 = Release|x86
		{B950679E-421C-4145-B8D2-B142BAFF1565}.AppStore|iPhoneSimulator.Deploy.0 = Release|x86
		{B950679E-421C-4145-B8D2-B142BAFF1565}.AppStore|x64.ActiveCfg = Release|x64
		{B950679E-421C-4145-B8D2-B142BAFF1565}.AppStore|x64.Build.0 = Release|x64
		{B950679E-421C-4145-B8D2-B142BAFF1565}.AppStore|x64.Deploy.0 = Release|x64
		{B950679E-421C-4145-B8D2-B142BAFF1565}.AppStore|x86.ActiveCfg = Release|x86
		{B950679E-421C-4145-B8D2-B142BAFF1565}.AppStore|x86.Build.0 = Release|x86
		{B950679E-421C-4145-B8D2-B142BAFF1565}.AppStore|x86.Deploy.0 = Release|x86
		{B950679E-421C-4145-B8D2-B142BAFF1565}.Debug|Any CPU.ActiveCfg = Debug|x86
		{B950679E-421C-4145-B8D2-B142BAFF1565}.Debug|Any CPU.Build.0 = Debug|x86
		{B950679E-421C-4145-B8D2-B142BAFF1565}.Debug|ARM.ActiveCfg = Debug|ARM
		{B950679E-421C-4145-B8D2-B142BAFF1565}.Debug|ARM.Build.0 = Debug|ARM
		{B950679E-421C-4145-B8D2-B142BAFF1565}.Debug|ARM.Deploy.0 = Debug|ARM
		{B950679E-421C-4145-B8D2-B142BAFF1565}.Debug|iPhone.ActiveCfg = Debug|x86
		{B950679E-421C-4145-B8D2-B142BAFF1565}.Debug|iPhoneSimulator.ActiveCfg = Debug|x86
		{B950679E-421C-4145-B8D2-B142BAFF1565}.Debug|x64.ActiveCfg = Debug|x64
		{B950679E-421C-4145-B8D2-B142BAFF1565}.Debug|x64.Build.0 = Debug|x64
		{B950679E-421C-4145-B8D2-B142BAFF1565}.Debug|x64.Deploy.0 = Debug|x64
		{B950679E-421C-4145-B8D2-B142BAFF1565}.Debug|x86.ActiveCfg = Debug|x86
		{B950679E-421C-4145-B8D2-B142BAFF1565}.Debug|x86.Build.0 = Debug|x86
		{B950679E-421C-4145-B8D2-B142BAFF1565}.Debug|x86.Deploy.0 = Debug|x86
		{B950679E-421C-4145-B8D2-B142BAFF1565}.Release|Any CPU.ActiveCfg = Release|x86
		{B950679E-421C-4145-B8D2-B142BAFF1565}.Release|ARM.ActiveCfg = Release|ARM
		{B950679E-421C-4145-B8D2-B142BAFF1565}.Release|ARM.Build.0 = Release|ARM
		{B950679E-421C-4145-B8D2-B142BAFF1565}.Release|ARM.Deploy.0 = Release|ARM
		{B950679E-421C-4145-B8D2-B142BAFF1565}.Release|iPhone.ActiveCfg = Release|x86
		{B950679E-421C-4145-B8D2-B142BAFF1565}.Release|iPhoneSimulator.ActiveCfg = Release|x86
		{B950679E-421C-4145-B8D2-B142BAFF1565}.Release|x64.ActiveCfg = Release|x64
		{B950679E-421C-4145-B8D2-B142BAFF1565}.Release|x64.Build.0 = Release|x64
		{B950679E-421C-4145-B8D2-B142BAFF1565}.Release|x64.Deploy.0 = Release|x64
		{B950679E-421C-4145-B8D2-B142BAFF1565}.Release|x86.ActiveCfg = Release|x86
		{B950679E-421C-4145-B8D2-B142BAFF1565}.Release|x86.Build.0 = Release|x86
		{B950679E-421C-4145-B8D2-B142BAFF1565}.Release|x86.Deploy.0 = Release|x86
	EndGlobalSection
	GlobalSection(SolutionProperties) = preSolution
		HideSolutionNode = FALSE
	EndGlobalSection
	GlobalSection(ExtensibilityGlobals) = postSolution
		SolutionGuid = {874A9042-25D7-47A1-A3E9-814C328D7BAB}
	EndGlobalSection
EndGlobal
